
Microsoft Visual Studio Solution File, Format Version 12.00
# Visual Studio 15
VisualStudioVersion = 15.0.28307.489
MinimumVisualStudioVersion = 10.0.40219.1
Project("{FAE04EC0-301F-11D3-BF4B-00C04F79EFBC}") = "UnityExcel", "UnityExcel\UnityExcel.csproj", "{AB749BA0-7899-4B44-B2F4-DE6C525C8487}"
EndProject
Project("{FAE04EC0-301F-11D3-BF4B-00C04F79EFBC}") = "Test", "Test\Test.csproj", "{762B1506-A818-4A67-84AC-8CDD8AE4DE10}"
EndProject
Global
	GlobalSection(SolutionConfigurationPlatforms) = preSolution
		Debug|Any CPU = Debug|Any CPU
		Release|Any CPU = Release|Any CPU
	EndGlobalSection
	GlobalSection(ProjectConfigurationPlatforms) = postSolution
		{AB749BA0-7899-4B44-B2F4-DE6C525C8487}.Debug|Any CPU.ActiveCfg = Debug|Any CPU
		{AB749BA0-7899-4B44-B2F4-DE6C525C8487}.Debug|Any CPU.Build.0 = Debug|Any CPU
		{AB749BA0-7899-4B44-B2F4-DE6C525C8487}.Release|Any CPU.ActiveCfg = Release|Any CPU
		{AB749BA0-7899-4B44-B2F4-DE6C525C8487}.Release|Any CPU.Build.0 = Release|Any CPU
		{762B1506-A818-4A67-84AC-8CDD8AE4DE10}.Debug|Any CPU.ActiveCfg = Debug|Any CPU
		{762B1506-A818-4A67-84AC-8CDD8AE4DE10}.Debug|Any CPU.Build.0 = Debug|Any CPU
		{762B1506-A818-4A67-84AC-8CDD8AE4DE10}.Release|Any CPU.ActiveCfg = Release|Any CPU
		{762B1506-A818-4A67-84AC-8CDD8AE4DE10}.Release|Any CPU.Build.0 = Release|Any CPU
	EndGlobalSection
	GlobalSection(SolutionProperties) = preSolution
		HideSolutionNode = FALSE
	EndGlobalSection
	GlobalSection(ExtensibilityGlobals) = postSolution
		SolutionGuid = {AB962917-CD35-4A6B-9279-25AE93A7964C}
	EndGlobalSection
EndGlobal
